
Microsoft Visual Studio Solution File, Format Version 12.00
# Visual Studio Version 17
VisualStudioVersion = 17.10.35013.160
MinimumVisualStudioVersion = 10.0.40219.1
Project("{FAE04EC0-301F-11D3-BF4B-00C04F79EFBC}") = "CarRentalAPI", "CarRentalAPI.csproj", "{F44A5623-9256-4B57-8C12-E76A2AB6E628}"
EndProject
Global
	GlobalSection(SolutionConfigurationPlatforms) = preSolution
		Debug|Any CPU = Debug|Any CPU
		Release|Any CPU = Release|Any CPU
	EndGlobalSection
	GlobalSection(ProjectConfigurationPlatforms) = postSolution
		{F44A5623-9256-4B57-8C12-E76A2AB6E628}.Debug|Any CPU.ActiveCfg = Debug|Any CPU
		{F44A5623-9256-4B57-8C12-E76A2AB6E628}.Debug|Any CPU.Build.0 = Debug|Any CPU
		{F44A5623-9256-4B57-8C12-E76A2AB6E628}.Release|Any CPU.ActiveCfg = Release|Any CPU
		{F44A5623-9256-4B57-8C12-E76A2AB6E628}.Release|Any CPU.Build.0 = Release|Any CPU
	EndGlobalSection
	GlobalSection(SolutionProperties) = preSolution
		HideSolutionNode = FALSE
	EndGlobalSection
	GlobalSection(ExtensibilityGlobals) = postSolution
		SolutionGuid = {EBEA10C3-46CD-4454-B17E-45536FF0E724}
	EndGlobalSection
EndGlobal
